
Microsoft Visual Studio Solution File, Format Version 12.00
# Visual Studio 15
VisualStudioVersion = 15.0.28307.757
MinimumVisualStudioVersion = 10.0.40219.1
Project("{FAE04EC0-301F-11D3-BF4B-00C04F79EFBC}") = "ESB2", "ESB2\ESB2.csproj", "{889E6142-C476-40D9-BBC9-803BE0B5910A}"
EndProject
Project("{FAE04EC0-301F-11D3-BF4B-00C04F79EFBC}") = "ESB2.Database", "ESB2.Database\ESB2.Database.csproj", "{5834A3E1-6971-4591-9589-020492D63C58}"
EndProject
Project("{FAE04EC0-301F-11D3-BF4B-00C04F79EFBC}") = "MainWindowStatusBar", "MainWindowStatusBar\MainWindowStatusBar.csproj", "{2F12D5ED-5AE3-49FC-9BFB-9123AE467ED6}"
EndProject
Project("{FAE04EC0-301F-11D3-BF4B-00C04F79EFBC}") = "WPFLibrary", "..\..\..\dsbSoftware\MyLibrary\WPFLibrary\WPFLibrary.csproj", "{11EC5682-364E-4746-A7D4-D5E27A4C08E6}"
EndProject
Project("{FAE04EC0-301F-11D3-BF4B-00C04F79EFBC}") = "StatusBoard", "StatusBoard\StatusBoard.csproj", "{63BDB79E-B753-4967-B211-FC3E79C25975}"
EndProject
Project("{FAE04EC0-301F-11D3-BF4B-00C04F79EFBC}") = "UserManager", "UserManager\UserManager.csproj", "{05B6AC52-9473-4099-8A51-AF06F45AE3AC}"
EndProject
Project("{FAE04EC0-301F-11D3-BF4B-00C04F79EFBC}") = "Reports", "Reports\Reports.csproj", "{7DAEAB6C-2DA8-46E0-B288-1518139FCCCE}"
EndProject
Project("{FAE04EC0-301F-11D3-BF4B-00C04F79EFBC}") = "EquipmentManager", "EquipmentManager\EquipmentManager.csproj", "{95CA5293-6266-4E65-B46A-7CA916CF530B}"
EndProject
Project("{FAE04EC0-301F-11D3-BF4B-00C04F79EFBC}") = "ManagementControl", "ManagementControl\ManagementControl.csproj", "{D88C5866-FAEC-4FC5-B9A6-46D33AEC38B5}"
EndProject
Project("{FAE04EC0-301F-11D3-BF4B-00C04F79EFBC}") = "StatusBoardManager", "StatusBoardManager\StatusBoardManager.csproj", "{8444CE6F-CB30-404B-9298-34C62157EDE4}"
EndProject
Global
	GlobalSection(SolutionConfigurationPlatforms) = preSolution
		Debug|Any CPU = Debug|Any CPU
		Release|Any CPU = Release|Any CPU
	EndGlobalSection
	GlobalSection(ProjectConfigurationPlatforms) = postSolution
		{889E6142-C476-40D9-BBC9-803BE0B5910A}.Debug|Any CPU.ActiveCfg = Debug|Any CPU
		{889E6142-C476-40D9-BBC9-803BE0B5910A}.Debug|Any CPU.Build.0 = Debug|Any CPU
		{889E6142-C476-40D9-BBC9-803BE0B5910A}.Release|Any CPU.ActiveCfg = Release|Any CPU
		{889E6142-C476-40D9-BBC9-803BE0B5910A}.Release|Any CPU.Build.0 = Release|Any CPU
		{5834A3E1-6971-4591-9589-020492D63C58}.Debug|Any CPU.ActiveCfg = Debug|Any CPU
		{5834A3E1-6971-4591-9589-020492D63C58}.Debug|Any CPU.Build.0 = Debug|Any CPU
		{5834A3E1-6971-4591-9589-020492D63C58}.Release|Any CPU.ActiveCfg = Release|Any CPU
		{5834A3E1-6971-4591-9589-020492D63C58}.Release|Any CPU.Build.0 = Release|Any CPU
		{2F12D5ED-5AE3-49FC-9BFB-9123AE467ED6}.Debug|Any CPU.ActiveCfg = Debug|Any CPU
		{2F12D5ED-5AE3-49FC-9BFB-9123AE467ED6}.Debug|Any CPU.Build.0 = Debug|Any CPU
		{2F12D5ED-5AE3-49FC-9BFB-9123AE467ED6}.Release|Any CPU.ActiveCfg = Release|Any CPU
		{2F12D5ED-5AE3-49FC-9BFB-9123AE467ED6}.Release|Any CPU.Build.0 = Release|Any CPU
		{11EC5682-364E-4746-A7D4-D5E27A4C08E6}.Debug|Any CPU.ActiveCfg = Debug|Any CPU
		{11EC5682-364E-4746-A7D4-D5E27A4C08E6}.Debug|Any CPU.Build.0 = Debug|Any CPU
		{11EC5682-364E-4746-A7D4-D5E27A4C08E6}.Release|Any CPU.ActiveCfg = Release|Any CPU
		{11EC5682-364E-4746-A7D4-D5E27A4C08E6}.Release|Any CPU.Build.0 = Release|Any CPU
		{63BDB79E-B753-4967-B211-FC3E79C25975}.Debug|Any CPU.ActiveCfg = Debug|Any CPU
		{63BDB79E-B753-4967-B211-FC3E79C25975}.Debug|Any CPU.Build.0 = Debug|Any CPU
		{63BDB79E-B753-4967-B211-FC3E79C25975}.Release|Any CPU.ActiveCfg = Release|Any CPU
		{63BDB79E-B753-4967-B211-FC3E79C25975}.Release|Any CPU.Build.0 = Release|Any CPU
		{05B6AC52-9473-4099-8A51-AF06F45AE3AC}.Debug|Any CPU.ActiveCfg = Debug|Any CPU
		{05B6AC52-9473-4099-8A51-AF06F45AE3AC}.Debug|Any CPU.Build.0 = Debug|Any CPU
		{05B6AC52-9473-4099-8A51-AF06F45AE3AC}.Release|Any CPU.ActiveCfg = Release|Any CPU
		{05B6AC52-9473-4099-8A51-AF06F45AE3AC}.Release|Any CPU.Build.0 = Release|Any CPU
		{7DAEAB6C-2DA8-46E0-B288-1518139FCCCE}.Debug|Any CPU.ActiveCfg = Debug|Any CPU
		{7DAEAB6C-2DA8-46E0-B288-1518139FCCCE}.Debug|Any CPU.Build.0 = Debug|Any CPU
		{7DAEAB6C-2DA8-46E0-B288-1518139FCCCE}.Release|Any CPU.ActiveCfg = Release|Any CPU
		{7DAEAB6C-2DA8-46E0-B288-1518139FCCCE}.Release|Any CPU.Build.0 = Release|Any CPU
		{95CA5293-6266-4E65-B46A-7CA916CF530B}.Debug|Any CPU.ActiveCfg = Debug|Any CPU
		{95CA5293-6266-4E65-B46A-7CA916CF530B}.Debug|Any CPU.Build.0 = Debug|Any CPU
		{95CA5293-6266-4E65-B46A-7CA916CF530B}.Release|Any CPU.ActiveCfg = Release|Any CPU
		{95CA5293-6266-4E65-B46A-7CA916CF530B}.Release|Any CPU.Build.0 = Release|Any CPU
		{D88C5866-FAEC-4FC5-B9A6-46D33AEC38B5}.Debug|Any CPU.ActiveCfg = Debug|Any CPU
		{D88C5866-FAEC-4FC5-B9A6-46D33AEC38B5}.Debug|Any CPU.Build.0 = Debug|Any CPU
		{D88C5866-FAEC-4FC5-B9A6-46D33AEC38B5}.Release|Any CPU.ActiveCfg = Release|Any CPU
		{D88C5866-FAEC-4FC5-B9A6-46D33AEC38B5}.Release|Any CPU.Build.0 = Release|Any CPU
		{8444CE6F-CB30-404B-9298-34C62157EDE4}.Debug|Any CPU.ActiveCfg = Debug|Any CPU
		{8444CE6F-CB30-404B-9298-34C62157EDE4}.Debug|Any CPU.Build.0 = Debug|Any CPU
		{8444CE6F-CB30-404B-9298-34C62157EDE4}.Release|Any CPU.ActiveCfg = Release|Any CPU
		{8444CE6F-CB30-404B-9298-34C62157EDE4}.Release|Any CPU.Build.0 = Release|Any CPU
	EndGlobalSection
	GlobalSection(SolutionProperties) = preSolution
		HideSolutionNode = FALSE
	EndGlobalSection
	GlobalSection(ExtensibilityGlobals) = postSolution
		SolutionGuid = {F113709E-D5E0-4BD1-A1D9-7566195FB60B}
	EndGlobalSection
EndGlobal
